// !$*UTF8*$!
{
	archiveVersion = 1;
	classes = {
	};
	objectVersion = 46;
	objects = {

/* Begin PBXBuildFile section */
		411212BB16304B0D00009408 /* main.c in Sources */ = {isa = PBXBuildFile; fileRef = 411212BA16304B0D00009408 /* main.c */; };
		411212BD16304B0D00009408 /* TwoFloats.1 in CopyFiles */ = {isa = PBXBuildFile; fileRef = 411212BC16304B0D00009408 /* TwoFloats.1 */; };
/* End PBXBuildFile section */

/* Begin PBXCopyFilesBuildPhase section */
		411212B416304B0D00009408 /* CopyFiles */ = {
			isa = PBXCopyFilesBuildPhase;
			buildActionMask = 2147483647;
			dstPath = /usr/share/man/man1/;
			dstSubfolderSpec = 0;
			files = (
				411212BD16304B0D00009408 /* TwoFloats.1 in CopyFiles */,
			);
			runOnlyForDeploymentPostprocessing = 1;
		};
/* End PBXCopyFilesBuildPhase section */

/* Begin PBXFileReference section */
		411212B616304B0D00009408 /* TwoFloats */ = {isa = PBXFileReference; explicitFileType = "compiled.mach-o.executable"; includeInIndex = 0; path = TwoFloats; sourceTree = BUILT_PRODUCTS_DIR; };
		411212BA16304B0D00009408 /* main.c */ = {isa = PBXFileReference; lastKnownFileType = sourcecode.c.c; path = main.c; sourceTree = "<group>"; };
		411212BC16304B0D00009408 /* TwoFloats.1 */ = {isa = PBXFileReference; lastKnownFileType = text.man; path = TwoFloats.1; sourceTree = "<group>"; };
/* End PBXFileReference section */

/* Begin PBXFrameworksBuildPhase section */
		411212B316304B0D00009408 /* Frameworks */ = {
			isa = PBXFrameworksBuildPhase;
			buildActionMask = 2147483647;
			files = (
			);
			runOnlyForDeploymentPostprocessing = 0;
		};
/* End PBXFrameworksBuildPhase section */

/* Begin PBXGroup section */
		411212AB16304B0D00009408 = {
			isa = PBXGroup;
			children = (
				411212B916304B0D00009408 /* TwoFloats */,
				411212B716304B0D00009408 /* Products */,
			);
			sourceTree = "<group>";
		};
		411212B716304B0D00009408 /* Products */ = {
			isa = PBXGroup;
			children = (
				411212B616304B0D00009408 /* TwoFloats */,
			);
			name = Products;
			sourceTree = "<group>";
		};
		411212B916304B0D00009408 /* TwoFloats */ = {
			isa = PBXGroup;
			children = (
				411212BA16304B0D00009408 /* main.c */,
				411212BC16304B0D00009408 /* TwoFloats.1 */,
			);
			path = TwoFloats;
			sourceTree = "<group>";
		};
/* End PBXGroup section */

/* Begin PBXNativeTarget section */
		411212B516304B0D00009408 /* TwoFloats */ = {
			isa = PBXNativeTarget;
			buildConfigurationList = 411212C016304B0D00009408 /* Build configuration list for PBXNativeTarget "TwoFloats" */;
			buildPhases = (
				411212B216304B0D00009408 /* Sources */,
				411212B316304B0D00009408 /* Frameworks */,
				411212B416304B0D00009408 /* CopyFiles */,
			);
			buildRules = (
			);
			dependencies = (
			);
			name = TwoFloats;
			productName = TwoFloats;
			productReference = 411212B616304B0D00009408 /* TwoFloats */;
			productType = "com.apple.product-type.tool";
		};
/* End PBXNativeTarget section */

/* Begin PBXProject section */
		411212AD16304B0D00009408 /* Project object */ = {
			isa = PBXProject;
			attributes = {
				LastUpgradeCheck = 0450;
				ORGANIZATIONNAME = "Long Vinh Nguyen";
			};
			buildConfigurationList = 411212B016304B0D00009408 /* Build configuration list for PBXProject "TwoFloats" */;
			compatibilityVersion = "Xcode 3.2";
			developmentRegion = English;
			hasScannedForEncodings = 0;
			knownRegions = (
				en,
			);
			mainGroup = 411212AB16304B0D00009408;
			productRefGroup = 411212B716304B0D00009408 /* Products */;
			projectDirPath = "";
			projectRoot = "";
			targets = (
				411212B516304B0D00009408 /* TwoFloats */,
			);
		};
/* End PBXProject section */

/* Begin PBXSourcesBuildPhase section */
		411212B216304B0D00009408 /* Sources */ = {
			isa = PBXSourcesBuildPhase;
			buildActionMask = 2147483647;
			files = (
				411212BB16304B0D00009408 /* main.c in Sources */,
			);
			runOnlyForDeploymentPostprocessing = 0;
		};
/* End PBXSourcesBuildPhase section */

/* Begin XCBuildConfiguration section */
		411212BE16304B0D00009408 /* Debug */ = {
			isa = XCBuildConfiguration;
			buildSettings = {
				ALWAYS_SEARCH_USER_PATHS = NO;
				ARCHS = "$(ARCHS_STANDARD_64_BIT)";
				CLANG_CXX_LANGUAGE_STANDARD = "gnu++0x";
				CLANG_CXX_LIBRARY = "libc++";
				CLANG_WARN_EMPTY_BODY = YES;
				CLANG_WARN__DUPLICATE_METHOD_MATCH = YES;
				COPY_PHASE_STRIP = NO;
				GCC_C_LANGUAGE_STANDARD = gnu99;
				GCC_DYNAMIC_NO_PIC = NO;
				GCC_ENABLE_OBJC_EXCEPTIONS = YES;
				GCC_OPTIMIZATION_LEVEL = 0;
				GCC_PREPROCESSOR_DEFINITIONS = (
					"DEBUG=1",
					"$(inherited)",
				);
				GCC_SYMBOLS_PRIVATE_EXTERN = NO;
				GCC_WARN_64_TO_32_BIT_CONVERSION = YES;
				GCC_WARN_ABOUT_RETURN_TYPE = YES;
				GCC_WARN_UNINITIALIZED_AUTOS = YES;
				GCC_WARN_UNUSED_VARIABLE = YES;
				MACOSX_DEPLOYMENT_TARGET = 10.8;
				ONLY_ACTIVE_ARCH = YES;
				SDKROOT = macosx;
			};
			name = Debug;
		};
		411212BF16304B0D00009408 /* Release */ = {
			isa = XCBuildConfiguration;
			buildSettings = {
				ALWAYS_SEARCH_USER_PATHS = NO;
				ARCHS = "$(ARCHS_STANDARD_64_BIT)";
				CLANG_CXX_LANGUAGE_STANDARD = "gnu++0x";
				CLANG_CXX_LIBRARY = "libc++";
				CLANG_WARN_EMPTY_BODY = YES;
				CLANG_WARN__DUPLICATE_METHOD_MATCH = YES;
				COPY_PHASE_STRIP = YES;
				DEBUG_INFORMATION_FORMAT = "dwarf-with-dsym";
				GCC_C_LANGUAGE_STANDARD = gnu99;
				GCC_ENABLE_OBJC_EXCEPTIONS = YES;
				GCC_WARN_64_TO_32_BIT_CONVERSION = YES;
				GCC_WARN_ABOUT_RETURN_TYPE = YES;
				GCC_WARN_UNINITIALIZED_AUTOS = YES;
				GCC_WARN_UNUSED_VARIABLE = YES;
				MACOSX_DEPLOYMENT_TARGET = 10.8;
				SDKROOT = macosx;
			};
			name = Release;
		};
		411212C116304B0D00009408 /* Debug */ = {
			isa = XCBuildConfiguration;
			buildSettings = {
				PRODUCT_NAME = "$(TARGET_NAME)";
			};
			name = Debug;
		};
		411212C216304B0D00009408 /* Release */ = {
			isa = XCBuildConfiguration;
			buildSettings = {
				PRODUCT_NAME = "$(TARGET_NAME)";
			};
			name = Release;
		};
/* End XCBuildConfiguration section */

/* Begin XCConfigurationList section */
		411212B016304B0D00009408 /* Build configuration list for PBXProject "TwoFloats" */ = {
			isa = XCConfigurationList;
			buildConfigurations = (
				411212BE16304B0D00009408 /* Debug */,
				411212BF16304B0D00009408 /* Release */,
			);
			defaultConfigurationIsVisible = 0;
			defaultConfigurationName = Release;
		};
		411212C016304B0D00009408 /* Build configuration list for PBXNativeTarget "TwoFloats" */ = {
			isa = XCConfigurationList;
			buildConfigurations = (
				411212C116304B0D00009408 /* Debug */,
				411212C216304B0D00009408 /* Release */,
			);
			defaultConfigurationIsVisible = 0;
		};
/* End XCConfigurationList section */
	};
	rootObject = 411212AD16304B0D00009408 /* Project object */;
}
