// !$*UTF8*$!
{
	archiveVersion = 1;
	classes = {
	};
	objectVersion = 46;
	objects = {

/* Begin PBXBuildFile section */
		41121287162F23C300009408 /* main.c in Sources */ = {isa = PBXBuildFile; fileRef = 41121286162F23C300009408 /* main.c */; };
		41121289162F23C300009408 /* AGoodStart.1 in CopyFiles */ = {isa = PBXBuildFile; fileRef = 41121288162F23C300009408 /* AGoodStart.1 */; };
/* End PBXBuildFile section */

/* Begin PBXCopyFilesBuildPhase section */
		41121280162F23C300009408 /* CopyFiles */ = {
			isa = PBXCopyFilesBuildPhase;
			buildActionMask = 2147483647;
			dstPath = /usr/share/man/man1/;
			dstSubfolderSpec = 0;
			files = (
				41121289162F23C300009408 /* AGoodStart.1 in CopyFiles */,
			);
			runOnlyForDeploymentPostprocessing = 1;
		};
/* End PBXCopyFilesBuildPhase section */

/* Begin PBXFileReference section */
		41121282162F23C300009408 /* AGoodStart */ = {isa = PBXFileReference; explicitFileType = "compiled.mach-o.executable"; includeInIndex = 0; path = AGoodStart; sourceTree = BUILT_PRODUCTS_DIR; };
		41121286162F23C300009408 /* main.c */ = {isa = PBXFileReference; lastKnownFileType = sourcecode.c.c; path = main.c; sourceTree = "<group>"; };
		41121288162F23C300009408 /* AGoodStart.1 */ = {isa = PBXFileReference; lastKnownFileType = text.man; path = AGoodStart.1; sourceTree = "<group>"; };
/* End PBXFileReference section */

/* Begin PBXFrameworksBuildPhase section */
		4112127F162F23C300009408 /* Frameworks */ = {
			isa = PBXFrameworksBuildPhase;
			buildActionMask = 2147483647;
			files = (
			);
			runOnlyForDeploymentPostprocessing = 0;
		};
/* End PBXFrameworksBuildPhase section */

/* Begin PBXGroup section */
		41121277162F23C300009408 = {
			isa = PBXGroup;
			children = (
				41121285162F23C300009408 /* AGoodStart */,
				41121283162F23C300009408 /* Products */,
			);
			sourceTree = "<group>";
		};
		41121283162F23C300009408 /* Products */ = {
			isa = PBXGroup;
			children = (
				41121282162F23C300009408 /* AGoodStart */,
			);
			name = Products;
			sourceTree = "<group>";
		};
		41121285162F23C300009408 /* AGoodStart */ = {
			isa = PBXGroup;
			children = (
				41121286162F23C300009408 /* main.c */,
				41121288162F23C300009408 /* AGoodStart.1 */,
			);
			path = AGoodStart;
			sourceTree = "<group>";
		};
/* End PBXGroup section */

/* Begin PBXNativeTarget section */
		41121281162F23C300009408 /* AGoodStart */ = {
			isa = PBXNativeTarget;
			buildConfigurationList = 4112128C162F23C300009408 /* Build configuration list for PBXNativeTarget "AGoodStart" */;
			buildPhases = (
				4112127E162F23C300009408 /* Sources */,
				4112127F162F23C300009408 /* Frameworks */,
				41121280162F23C300009408 /* CopyFiles */,
			);
			buildRules = (
			);
			dependencies = (
			);
			name = AGoodStart;
			productName = AGoodStart;
			productReference = 41121282162F23C300009408 /* AGoodStart */;
			productType = "com.apple.product-type.tool";
		};
/* End PBXNativeTarget section */

/* Begin PBXProject section */
		41121279162F23C300009408 /* Project object */ = {
			isa = PBXProject;
			attributes = {
				LastUpgradeCheck = 0450;
				ORGANIZATIONNAME = "Long Vinh Nguyen";
			};
			buildConfigurationList = 4112127C162F23C300009408 /* Build configuration list for PBXProject "AGoodStart" */;
			compatibilityVersion = "Xcode 3.2";
			developmentRegion = English;
			hasScannedForEncodings = 0;
			knownRegions = (
				en,
			);
			mainGroup = 41121277162F23C300009408;
			productRefGroup = 41121283162F23C300009408 /* Products */;
			projectDirPath = "";
			projectRoot = "";
			targets = (
				41121281162F23C300009408 /* AGoodStart */,
			);
		};
/* End PBXProject section */

/* Begin PBXSourcesBuildPhase section */
		4112127E162F23C300009408 /* Sources */ = {
			isa = PBXSourcesBuildPhase;
			buildActionMask = 2147483647;
			files = (
				41121287162F23C300009408 /* main.c in Sources */,
			);
			runOnlyForDeploymentPostprocessing = 0;
		};
/* End PBXSourcesBuildPhase section */

/* Begin XCBuildConfiguration section */
		4112128A162F23C300009408 /* Debug */ = {
			isa = XCBuildConfiguration;
			buildSettings = {
				ALWAYS_SEARCH_USER_PATHS = NO;
				ARCHS = "$(ARCHS_STANDARD_64_BIT)";
				CLANG_CXX_LANGUAGE_STANDARD = "gnu++0x";
				CLANG_CXX_LIBRARY = "libc++";
				CLANG_WARN_EMPTY_BODY = YES;
				CLANG_WARN__DUPLICATE_METHOD_MATCH = YES;
				COPY_PHASE_STRIP = NO;
				GCC_C_LANGUAGE_STANDARD = gnu99;
				GCC_DYNAMIC_NO_PIC = NO;
				GCC_ENABLE_OBJC_EXCEPTIONS = YES;
				GCC_OPTIMIZATION_LEVEL = 0;
				GCC_PREPROCESSOR_DEFINITIONS = (
					"DEBUG=1",
					"$(inherited)",
				);
				GCC_SYMBOLS_PRIVATE_EXTERN = NO;
				GCC_WARN_64_TO_32_BIT_CONVERSION = YES;
				GCC_WARN_ABOUT_RETURN_TYPE = YES;
				GCC_WARN_UNINITIALIZED_AUTOS = YES;
				GCC_WARN_UNUSED_VARIABLE = YES;
				MACOSX_DEPLOYMENT_TARGET = 10.8;
				ONLY_ACTIVE_ARCH = YES;
				SDKROOT = macosx;
			};
			name = Debug;
		};
		4112128B162F23C300009408 /* Release */ = {
			isa = XCBuildConfiguration;
			buildSettings = {
				ALWAYS_SEARCH_USER_PATHS = NO;
				ARCHS = "$(ARCHS_STANDARD_64_BIT)";
				CLANG_CXX_LANGUAGE_STANDARD = "gnu++0x";
				CLANG_CXX_LIBRARY = "libc++";
				CLANG_WARN_EMPTY_BODY = YES;
				CLANG_WARN__DUPLICATE_METHOD_MATCH = YES;
				COPY_PHASE_STRIP = YES;
				DEBUG_INFORMATION_FORMAT = "dwarf-with-dsym";
				GCC_C_LANGUAGE_STANDARD = gnu99;
				GCC_ENABLE_OBJC_EXCEPTIONS = YES;
				GCC_WARN_64_TO_32_BIT_CONVERSION = YES;
				GCC_WARN_ABOUT_RETURN_TYPE = YES;
				GCC_WARN_UNINITIALIZED_AUTOS = YES;
				GCC_WARN_UNUSED_VARIABLE = YES;
				MACOSX_DEPLOYMENT_TARGET = 10.8;
				SDKROOT = macosx;
			};
			name = Release;
		};
		4112128D162F23C300009408 /* Debug */ = {
			isa = XCBuildConfiguration;
			buildSettings = {
				PRODUCT_NAME = "$(TARGET_NAME)";
			};
			name = Debug;
		};
		4112128E162F23C300009408 /* Release */ = {
			isa = XCBuildConfiguration;
			buildSettings = {
				PRODUCT_NAME = "$(TARGET_NAME)";
			};
			name = Release;
		};
/* End XCBuildConfiguration section */

/* Begin XCConfigurationList section */
		4112127C162F23C300009408 /* Build configuration list for PBXProject "AGoodStart" */ = {
			isa = XCConfigurationList;
			buildConfigurations = (
				4112128A162F23C300009408 /* Debug */,
				4112128B162F23C300009408 /* Release */,
			);
			defaultConfigurationIsVisible = 0;
			defaultConfigurationName = Release;
		};
		4112128C162F23C300009408 /* Build configuration list for PBXNativeTarget "AGoodStart" */ = {
			isa = XCConfigurationList;
			buildConfigurations = (
				4112128D162F23C300009408 /* Debug */,
				4112128E162F23C300009408 /* Release */,
			);
			defaultConfigurationIsVisible = 0;
		};
/* End XCConfigurationList section */
	};
	rootObject = 41121279162F23C300009408 /* Project object */;
}
