// !$*UTF8*$!
{
	archiveVersion = 1;
	classes = {
	};
	objectVersion = 46;
	objects = {

/* Begin PBXBuildFile section */
		41A1D30E1632F89C000B493C /* Foundation.framework in Frameworks */ = {isa = PBXBuildFile; fileRef = 41A1D30D1632F89C000B493C /* Foundation.framework */; };
		41A1D3111632F89C000B493C /* main.m in Sources */ = {isa = PBXBuildFile; fileRef = 41A1D3101632F89C000B493C /* main.m */; };
		41A1D3151632F89C000B493C /* Chapter14.1 in CopyFiles */ = {isa = PBXBuildFile; fileRef = 41A1D3141632F89C000B493C /* Chapter14.1 */; };
/* End PBXBuildFile section */

/* Begin PBXCopyFilesBuildPhase section */
		41A1D3071632F89C000B493C /* CopyFiles */ = {
			isa = PBXCopyFilesBuildPhase;
			buildActionMask = 2147483647;
			dstPath = /usr/share/man/man1/;
			dstSubfolderSpec = 0;
			files = (
				41A1D3151632F89C000B493C /* Chapter14.1 in CopyFiles */,
			);
			runOnlyForDeploymentPostprocessing = 1;
		};
/* End PBXCopyFilesBuildPhase section */

/* Begin PBXFileReference section */
		41A1D3091632F89C000B493C /* Chapter14 */ = {isa = PBXFileReference; explicitFileType = "compiled.mach-o.executable"; includeInIndex = 0; path = Chapter14; sourceTree = BUILT_PRODUCTS_DIR; };
		41A1D30D1632F89C000B493C /* Foundation.framework */ = {isa = PBXFileReference; lastKnownFileType = wrapper.framework; name = Foundation.framework; path = System/Library/Frameworks/Foundation.framework; sourceTree = SDKROOT; };
		41A1D3101632F89C000B493C /* main.m */ = {isa = PBXFileReference; lastKnownFileType = sourcecode.c.objc; path = main.m; sourceTree = "<group>"; };
		41A1D3131632F89C000B493C /* Chapter14-Prefix.pch */ = {isa = PBXFileReference; lastKnownFileType = sourcecode.c.h; path = "Chapter14-Prefix.pch"; sourceTree = "<group>"; };
		41A1D3141632F89C000B493C /* Chapter14.1 */ = {isa = PBXFileReference; lastKnownFileType = text.man; path = Chapter14.1; sourceTree = "<group>"; };
/* End PBXFileReference section */

/* Begin PBXFrameworksBuildPhase section */
		41A1D3061632F89C000B493C /* Frameworks */ = {
			isa = PBXFrameworksBuildPhase;
			buildActionMask = 2147483647;
			files = (
				41A1D30E1632F89C000B493C /* Foundation.framework in Frameworks */,
			);
			runOnlyForDeploymentPostprocessing = 0;
		};
/* End PBXFrameworksBuildPhase section */

/* Begin PBXGroup section */
		41A1D2FE1632F89C000B493C = {
			isa = PBXGroup;
			children = (
				41A1D30F1632F89C000B493C /* Chapter14 */,
				41A1D30C1632F89C000B493C /* Frameworks */,
				41A1D30A1632F89C000B493C /* Products */,
			);
			sourceTree = "<group>";
		};
		41A1D30A1632F89C000B493C /* Products */ = {
			isa = PBXGroup;
			children = (
				41A1D3091632F89C000B493C /* Chapter14 */,
			);
			name = Products;
			sourceTree = "<group>";
		};
		41A1D30C1632F89C000B493C /* Frameworks */ = {
			isa = PBXGroup;
			children = (
				41A1D30D1632F89C000B493C /* Foundation.framework */,
			);
			name = Frameworks;
			sourceTree = "<group>";
		};
		41A1D30F1632F89C000B493C /* Chapter14 */ = {
			isa = PBXGroup;
			children = (
				41A1D3101632F89C000B493C /* main.m */,
				41A1D3141632F89C000B493C /* Chapter14.1 */,
				41A1D3121632F89C000B493C /* Supporting Files */,
			);
			path = Chapter14;
			sourceTree = "<group>";
		};
		41A1D3121632F89C000B493C /* Supporting Files */ = {
			isa = PBXGroup;
			children = (
				41A1D3131632F89C000B493C /* Chapter14-Prefix.pch */,
			);
			name = "Supporting Files";
			sourceTree = "<group>";
		};
/* End PBXGroup section */

/* Begin PBXNativeTarget section */
		41A1D3081632F89C000B493C /* Chapter14 */ = {
			isa = PBXNativeTarget;
			buildConfigurationList = 41A1D3181632F89C000B493C /* Build configuration list for PBXNativeTarget "Chapter14" */;
			buildPhases = (
				41A1D3051632F89C000B493C /* Sources */,
				41A1D3061632F89C000B493C /* Frameworks */,
				41A1D3071632F89C000B493C /* CopyFiles */,
			);
			buildRules = (
			);
			dependencies = (
			);
			name = Chapter14;
			productName = Chapter14;
			productReference = 41A1D3091632F89C000B493C /* Chapter14 */;
			productType = "com.apple.product-type.tool";
		};
/* End PBXNativeTarget section */

/* Begin PBXProject section */
		41A1D3001632F89C000B493C /* Project object */ = {
			isa = PBXProject;
			attributes = {
				LastUpgradeCheck = 0450;
				ORGANIZATIONNAME = "Long Vinh Nguyen";
			};
			buildConfigurationList = 41A1D3031632F89C000B493C /* Build configuration list for PBXProject "Chapter14" */;
			compatibilityVersion = "Xcode 3.2";
			developmentRegion = English;
			hasScannedForEncodings = 0;
			knownRegions = (
				en,
			);
			mainGroup = 41A1D2FE1632F89C000B493C;
			productRefGroup = 41A1D30A1632F89C000B493C /* Products */;
			projectDirPath = "";
			projectRoot = "";
			targets = (
				41A1D3081632F89C000B493C /* Chapter14 */,
			);
		};
/* End PBXProject section */

/* Begin PBXSourcesBuildPhase section */
		41A1D3051632F89C000B493C /* Sources */ = {
			isa = PBXSourcesBuildPhase;
			buildActionMask = 2147483647;
			files = (
				41A1D3111632F89C000B493C /* main.m in Sources */,
			);
			runOnlyForDeploymentPostprocessing = 0;
		};
/* End PBXSourcesBuildPhase section */

/* Begin XCBuildConfiguration section */
		41A1D3161632F89C000B493C /* Debug */ = {
			isa = XCBuildConfiguration;
			buildSettings = {
				ALWAYS_SEARCH_USER_PATHS = NO;
				ARCHS = "$(ARCHS_STANDARD_64_BIT)";
				CLANG_CXX_LANGUAGE_STANDARD = "gnu++0x";
				CLANG_CXX_LIBRARY = "libc++";
				CLANG_WARN_EMPTY_BODY = YES;
				CLANG_WARN__DUPLICATE_METHOD_MATCH = YES;
				COPY_PHASE_STRIP = NO;
				GCC_C_LANGUAGE_STANDARD = gnu99;
				GCC_DYNAMIC_NO_PIC = NO;
				GCC_ENABLE_OBJC_EXCEPTIONS = YES;
				GCC_OPTIMIZATION_LEVEL = 0;
				GCC_PREPROCESSOR_DEFINITIONS = (
					"DEBUG=1",
					"$(inherited)",
				);
				GCC_SYMBOLS_PRIVATE_EXTERN = NO;
				GCC_WARN_64_TO_32_BIT_CONVERSION = YES;
				GCC_WARN_ABOUT_RETURN_TYPE = YES;
				GCC_WARN_UNINITIALIZED_AUTOS = YES;
				GCC_WARN_UNUSED_VARIABLE = YES;
				MACOSX_DEPLOYMENT_TARGET = 10.8;
				ONLY_ACTIVE_ARCH = YES;
				SDKROOT = macosx;
			};
			name = Debug;
		};
		41A1D3171632F89C000B493C /* Release */ = {
			isa = XCBuildConfiguration;
			buildSettings = {
				ALWAYS_SEARCH_USER_PATHS = NO;
				ARCHS = "$(ARCHS_STANDARD_64_BIT)";
				CLANG_CXX_LANGUAGE_STANDARD = "gnu++0x";
				CLANG_CXX_LIBRARY = "libc++";
				CLANG_WARN_EMPTY_BODY = YES;
				CLANG_WARN__DUPLICATE_METHOD_MATCH = YES;
				COPY_PHASE_STRIP = YES;
				DEBUG_INFORMATION_FORMAT = "dwarf-with-dsym";
				GCC_C_LANGUAGE_STANDARD = gnu99;
				GCC_ENABLE_OBJC_EXCEPTIONS = YES;
				GCC_WARN_64_TO_32_BIT_CONVERSION = YES;
				GCC_WARN_ABOUT_RETURN_TYPE = YES;
				GCC_WARN_UNINITIALIZED_AUTOS = YES;
				GCC_WARN_UNUSED_VARIABLE = YES;
				MACOSX_DEPLOYMENT_TARGET = 10.8;
				SDKROOT = macosx;
			};
			name = Release;
		};
		41A1D3191632F89C000B493C /* Debug */ = {
			isa = XCBuildConfiguration;
			buildSettings = {
				GCC_PRECOMPILE_PREFIX_HEADER = YES;
				GCC_PREFIX_HEADER = "Chapter14/Chapter14-Prefix.pch";
				PRODUCT_NAME = "$(TARGET_NAME)";
			};
			name = Debug;
		};
		41A1D31A1632F89C000B493C /* Release */ = {
			isa = XCBuildConfiguration;
			buildSettings = {
				GCC_PRECOMPILE_PREFIX_HEADER = YES;
				GCC_PREFIX_HEADER = "Chapter14/Chapter14-Prefix.pch";
				PRODUCT_NAME = "$(TARGET_NAME)";
			};
			name = Release;
		};
/* End XCBuildConfiguration section */

/* Begin XCConfigurationList section */
		41A1D3031632F89C000B493C /* Build configuration list for PBXProject "Chapter14" */ = {
			isa = XCConfigurationList;
			buildConfigurations = (
				41A1D3161632F89C000B493C /* Debug */,
				41A1D3171632F89C000B493C /* Release */,
			);
			defaultConfigurationIsVisible = 0;
			defaultConfigurationName = Release;
		};
		41A1D3181632F89C000B493C /* Build configuration list for PBXNativeTarget "Chapter14" */ = {
			isa = XCConfigurationList;
			buildConfigurations = (
				41A1D3191632F89C000B493C /* Debug */,
				41A1D31A1632F89C000B493C /* Release */,
			);
			defaultConfigurationIsVisible = 0;
		};
/* End XCConfigurationList section */
	};
	rootObject = 41A1D3001632F89C000B493C /* Project object */;
}
