// !$*UTF8*$!
{
	archiveVersion = 1;
	classes = {
	};
	objectVersion = 46;
	objects = {

/* Begin PBXBuildFile section */
		410F08F3163C1E800011F980 /* UIKit.framework in Frameworks */ = {isa = PBXBuildFile; fileRef = 410F08F2163C1E800011F980 /* UIKit.framework */; };
		410F08F5163C1E800011F980 /* Foundation.framework in Frameworks */ = {isa = PBXBuildFile; fileRef = 410F08F4163C1E800011F980 /* Foundation.framework */; };
		410F08F7163C1E800011F980 /* CoreGraphics.framework in Frameworks */ = {isa = PBXBuildFile; fileRef = 410F08F6163C1E800011F980 /* CoreGraphics.framework */; };
		410F08FD163C1E800011F980 /* InfoPlist.strings in Resources */ = {isa = PBXBuildFile; fileRef = 410F08FB163C1E800011F980 /* InfoPlist.strings */; };
		410F08FF163C1E800011F980 /* main.m in Sources */ = {isa = PBXBuildFile; fileRef = 410F08FE163C1E800011F980 /* main.m */; };
		410F0903163C1E800011F980 /* LVNAppDelegate.m in Sources */ = {isa = PBXBuildFile; fileRef = 410F0902163C1E800011F980 /* LVNAppDelegate.m */; };
		410F0905163C1E800011F980 /* Default.png in Resources */ = {isa = PBXBuildFile; fileRef = 410F0904163C1E800011F980 /* Default.png */; };
		410F0907163C1E800011F980 /* Default@2x.png in Resources */ = {isa = PBXBuildFile; fileRef = 410F0906163C1E800011F980 /* Default@2x.png */; };
		410F0909163C1E800011F980 /* Default-568h@2x.png in Resources */ = {isa = PBXBuildFile; fileRef = 410F0908163C1E800011F980 /* Default-568h@2x.png */; };
/* End PBXBuildFile section */

/* Begin PBXFileReference section */
		410F08EE163C1E800011F980 /* iTahDoodle.app */ = {isa = PBXFileReference; explicitFileType = wrapper.application; includeInIndex = 0; path = iTahDoodle.app; sourceTree = BUILT_PRODUCTS_DIR; };
		410F08F2163C1E800011F980 /* UIKit.framework */ = {isa = PBXFileReference; lastKnownFileType = wrapper.framework; name = UIKit.framework; path = System/Library/Frameworks/UIKit.framework; sourceTree = SDKROOT; };
		410F08F4163C1E800011F980 /* Foundation.framework */ = {isa = PBXFileReference; lastKnownFileType = wrapper.framework; name = Foundation.framework; path = System/Library/Frameworks/Foundation.framework; sourceTree = SDKROOT; };
		410F08F6163C1E800011F980 /* CoreGraphics.framework */ = {isa = PBXFileReference; lastKnownFileType = wrapper.framework; name = CoreGraphics.framework; path = System/Library/Frameworks/CoreGraphics.framework; sourceTree = SDKROOT; };
		410F08FA163C1E800011F980 /* iTahDoodle-Info.plist */ = {isa = PBXFileReference; lastKnownFileType = text.plist.xml; path = "iTahDoodle-Info.plist"; sourceTree = "<group>"; };
		410F08FC163C1E800011F980 /* en */ = {isa = PBXFileReference; lastKnownFileType = text.plist.strings; name = en; path = en.lproj/InfoPlist.strings; sourceTree = "<group>"; };
		410F08FE163C1E800011F980 /* main.m */ = {isa = PBXFileReference; lastKnownFileType = sourcecode.c.objc; path = main.m; sourceTree = "<group>"; };
		410F0900163C1E800011F980 /* iTahDoodle-Prefix.pch */ = {isa = PBXFileReference; lastKnownFileType = sourcecode.c.h; path = "iTahDoodle-Prefix.pch"; sourceTree = "<group>"; };
		410F0901163C1E800011F980 /* LVNAppDelegate.h */ = {isa = PBXFileReference; lastKnownFileType = sourcecode.c.h; path = LVNAppDelegate.h; sourceTree = "<group>"; };
		410F0902163C1E800011F980 /* LVNAppDelegate.m */ = {isa = PBXFileReference; lastKnownFileType = sourcecode.c.objc; path = LVNAppDelegate.m; sourceTree = "<group>"; };
		410F0904163C1E800011F980 /* Default.png */ = {isa = PBXFileReference; lastKnownFileType = image.png; path = Default.png; sourceTree = "<group>"; };
		410F0906163C1E800011F980 /* Default@2x.png */ = {isa = PBXFileReference; lastKnownFileType = image.png; path = "Default@2x.png"; sourceTree = "<group>"; };
		410F0908163C1E800011F980 /* Default-568h@2x.png */ = {isa = PBXFileReference; lastKnownFileType = image.png; path = "Default-568h@2x.png"; sourceTree = "<group>"; };
/* End PBXFileReference section */

/* Begin PBXFrameworksBuildPhase section */
		410F08EB163C1E800011F980 /* Frameworks */ = {
			isa = PBXFrameworksBuildPhase;
			buildActionMask = 2147483647;
			files = (
				410F08F3163C1E800011F980 /* UIKit.framework in Frameworks */,
				410F08F5163C1E800011F980 /* Foundation.framework in Frameworks */,
				410F08F7163C1E800011F980 /* CoreGraphics.framework in Frameworks */,
			);
			runOnlyForDeploymentPostprocessing = 0;
		};
/* End PBXFrameworksBuildPhase section */

/* Begin PBXGroup section */
		410F08E3163C1E800011F980 = {
			isa = PBXGroup;
			children = (
				410F08F8163C1E800011F980 /* iTahDoodle */,
				410F08F1163C1E800011F980 /* Frameworks */,
				410F08EF163C1E800011F980 /* Products */,
			);
			sourceTree = "<group>";
		};
		410F08EF163C1E800011F980 /* Products */ = {
			isa = PBXGroup;
			children = (
				410F08EE163C1E800011F980 /* iTahDoodle.app */,
			);
			name = Products;
			sourceTree = "<group>";
		};
		410F08F1163C1E800011F980 /* Frameworks */ = {
			isa = PBXGroup;
			children = (
				410F08F2163C1E800011F980 /* UIKit.framework */,
				410F08F4163C1E800011F980 /* Foundation.framework */,
				410F08F6163C1E800011F980 /* CoreGraphics.framework */,
			);
			name = Frameworks;
			sourceTree = "<group>";
		};
		410F08F8163C1E800011F980 /* iTahDoodle */ = {
			isa = PBXGroup;
			children = (
				410F0901163C1E800011F980 /* LVNAppDelegate.h */,
				410F0902163C1E800011F980 /* LVNAppDelegate.m */,
				410F08F9163C1E800011F980 /* Supporting Files */,
			);
			path = iTahDoodle;
			sourceTree = "<group>";
		};
		410F08F9163C1E800011F980 /* Supporting Files */ = {
			isa = PBXGroup;
			children = (
				410F08FA163C1E800011F980 /* iTahDoodle-Info.plist */,
				410F08FB163C1E800011F980 /* InfoPlist.strings */,
				410F08FE163C1E800011F980 /* main.m */,
				410F0900163C1E800011F980 /* iTahDoodle-Prefix.pch */,
				410F0904163C1E800011F980 /* Default.png */,
				410F0906163C1E800011F980 /* Default@2x.png */,
				410F0908163C1E800011F980 /* Default-568h@2x.png */,
			);
			name = "Supporting Files";
			sourceTree = "<group>";
		};
/* End PBXGroup section */

/* Begin PBXNativeTarget section */
		410F08ED163C1E800011F980 /* iTahDoodle */ = {
			isa = PBXNativeTarget;
			buildConfigurationList = 410F090C163C1E800011F980 /* Build configuration list for PBXNativeTarget "iTahDoodle" */;
			buildPhases = (
				410F08EA163C1E800011F980 /* Sources */,
				410F08EB163C1E800011F980 /* Frameworks */,
				410F08EC163C1E800011F980 /* Resources */,
			);
			buildRules = (
			);
			dependencies = (
			);
			name = iTahDoodle;
			productName = iTahDoodle;
			productReference = 410F08EE163C1E800011F980 /* iTahDoodle.app */;
			productType = "com.apple.product-type.application";
		};
/* End PBXNativeTarget section */

/* Begin PBXProject section */
		410F08E5163C1E800011F980 /* Project object */ = {
			isa = PBXProject;
			attributes = {
				CLASSPREFIX = LVN;
				LastUpgradeCheck = 0450;
				ORGANIZATIONNAME = com.cscv;
			};
			buildConfigurationList = 410F08E8163C1E800011F980 /* Build configuration list for PBXProject "iTahDoodle" */;
			compatibilityVersion = "Xcode 3.2";
			developmentRegion = English;
			hasScannedForEncodings = 0;
			knownRegions = (
				en,
			);
			mainGroup = 410F08E3163C1E800011F980;
			productRefGroup = 410F08EF163C1E800011F980 /* Products */;
			projectDirPath = "";
			projectRoot = "";
			targets = (
				410F08ED163C1E800011F980 /* iTahDoodle */,
			);
		};
/* End PBXProject section */

/* Begin PBXResourcesBuildPhase section */
		410F08EC163C1E800011F980 /* Resources */ = {
			isa = PBXResourcesBuildPhase;
			buildActionMask = 2147483647;
			files = (
				410F08FD163C1E800011F980 /* InfoPlist.strings in Resources */,
				410F0905163C1E800011F980 /* Default.png in Resources */,
				410F0907163C1E800011F980 /* Default@2x.png in Resources */,
				410F0909163C1E800011F980 /* Default-568h@2x.png in Resources */,
			);
			runOnlyForDeploymentPostprocessing = 0;
		};
/* End PBXResourcesBuildPhase section */

/* Begin PBXSourcesBuildPhase section */
		410F08EA163C1E800011F980 /* Sources */ = {
			isa = PBXSourcesBuildPhase;
			buildActionMask = 2147483647;
			files = (
				410F08FF163C1E800011F980 /* main.m in Sources */,
				410F0903163C1E800011F980 /* LVNAppDelegate.m in Sources */,
			);
			runOnlyForDeploymentPostprocessing = 0;
		};
/* End PBXSourcesBuildPhase section */

/* Begin PBXVariantGroup section */
		410F08FB163C1E800011F980 /* InfoPlist.strings */ = {
			isa = PBXVariantGroup;
			children = (
				410F08FC163C1E800011F980 /* en */,
			);
			name = InfoPlist.strings;
			sourceTree = "<group>";
		};
/* End PBXVariantGroup section */

/* Begin XCBuildConfiguration section */
		410F090A163C1E800011F980 /* Debug */ = {
			isa = XCBuildConfiguration;
			buildSettings = {
				ALWAYS_SEARCH_USER_PATHS = NO;
				CLANG_CXX_LANGUAGE_STANDARD = "gnu++0x";
				CLANG_CXX_LIBRARY = "libc++";
				CLANG_ENABLE_OBJC_ARC = YES;
				CLANG_WARN_EMPTY_BODY = YES;
				CLANG_WARN__DUPLICATE_METHOD_MATCH = YES;
				"CODE_SIGN_IDENTITY[sdk=iphoneos*]" = "iPhone Developer";
				COPY_PHASE_STRIP = NO;
				GCC_C_LANGUAGE_STANDARD = gnu99;
				GCC_DYNAMIC_NO_PIC = NO;
				GCC_OPTIMIZATION_LEVEL = 0;
				GCC_PREPROCESSOR_DEFINITIONS = (
					"DEBUG=1",
					"$(inherited)",
				);
				GCC_SYMBOLS_PRIVATE_EXTERN = NO;
				GCC_WARN_ABOUT_RETURN_TYPE = YES;
				GCC_WARN_UNINITIALIZED_AUTOS = YES;
				GCC_WARN_UNUSED_VARIABLE = YES;
				IPHONEOS_DEPLOYMENT_TARGET = 6.0;
				ONLY_ACTIVE_ARCH = YES;
				SDKROOT = iphoneos;
			};
			name = Debug;
		};
		410F090B163C1E800011F980 /* Release */ = {
			isa = XCBuildConfiguration;
			buildSettings = {
				ALWAYS_SEARCH_USER_PATHS = NO;
				CLANG_CXX_LANGUAGE_STANDARD = "gnu++0x";
				CLANG_CXX_LIBRARY = "libc++";
				CLANG_ENABLE_OBJC_ARC = YES;
				CLANG_WARN_EMPTY_BODY = YES;
				CLANG_WARN__DUPLICATE_METHOD_MATCH = YES;
				"CODE_SIGN_IDENTITY[sdk=iphoneos*]" = "iPhone Developer";
				COPY_PHASE_STRIP = YES;
				GCC_C_LANGUAGE_STANDARD = gnu99;
				GCC_WARN_ABOUT_RETURN_TYPE = YES;
				GCC_WARN_UNINITIALIZED_AUTOS = YES;
				GCC_WARN_UNUSED_VARIABLE = YES;
				IPHONEOS_DEPLOYMENT_TARGET = 6.0;
				OTHER_CFLAGS = "-DNS_BLOCK_ASSERTIONS=1";
				SDKROOT = iphoneos;
				VALIDATE_PRODUCT = YES;
			};
			name = Release;
		};
		410F090D163C1E800011F980 /* Debug */ = {
			isa = XCBuildConfiguration;
			buildSettings = {
				CLANG_WARN_OBJCPP_ARC_ABI = YES;
				GCC_PRECOMPILE_PREFIX_HEADER = YES;
				GCC_PREFIX_HEADER = "iTahDoodle/iTahDoodle-Prefix.pch";
				INFOPLIST_FILE = "iTahDoodle/iTahDoodle-Info.plist";
				PRODUCT_NAME = "$(TARGET_NAME)";
				WRAPPER_EXTENSION = app;
			};
			name = Debug;
		};
		410F090E163C1E800011F980 /* Release */ = {
			isa = XCBuildConfiguration;
			buildSettings = {
				CLANG_WARN_OBJCPP_ARC_ABI = YES;
				GCC_PRECOMPILE_PREFIX_HEADER = YES;
				GCC_PREFIX_HEADER = "iTahDoodle/iTahDoodle-Prefix.pch";
				INFOPLIST_FILE = "iTahDoodle/iTahDoodle-Info.plist";
				PRODUCT_NAME = "$(TARGET_NAME)";
				WRAPPER_EXTENSION = app;
			};
			name = Release;
		};
/* End XCBuildConfiguration section */

/* Begin XCConfigurationList section */
		410F08E8163C1E800011F980 /* Build configuration list for PBXProject "iTahDoodle" */ = {
			isa = XCConfigurationList;
			buildConfigurations = (
				410F090A163C1E800011F980 /* Debug */,
				410F090B163C1E800011F980 /* Release */,
			);
			defaultConfigurationIsVisible = 0;
			defaultConfigurationName = Release;
		};
		410F090C163C1E800011F980 /* Build configuration list for PBXNativeTarget "iTahDoodle" */ = {
			isa = XCConfigurationList;
			buildConfigurations = (
				410F090D163C1E800011F980 /* Debug */,
				410F090E163C1E800011F980 /* Release */,
			);
			defaultConfigurationIsVisible = 0;
		};
/* End XCConfigurationList section */
	};
	rootObject = 410F08E5163C1E800011F980 /* Project object */;
}
