// !$*UTF8*$!
{
	archiveVersion = 1;
	classes = {
	};
	objectVersion = 46;
	objects = {

/* Begin PBXBuildFile section */
		41A1D29C1631A0A0000B493C /* main.c in Sources */ = {isa = PBXBuildFile; fileRef = 41A1D29B1631A0A0000B493C /* main.c */; };
		41A1D29E1631A0A0000B493C /* Coolness.1 in CopyFiles */ = {isa = PBXBuildFile; fileRef = 41A1D29D1631A0A0000B493C /* Coolness.1 */; };
/* End PBXBuildFile section */

/* Begin PBXCopyFilesBuildPhase section */
		41A1D2951631A0A0000B493C /* CopyFiles */ = {
			isa = PBXCopyFilesBuildPhase;
			buildActionMask = 2147483647;
			dstPath = /usr/share/man/man1/;
			dstSubfolderSpec = 0;
			files = (
				41A1D29E1631A0A0000B493C /* Coolness.1 in CopyFiles */,
			);
			runOnlyForDeploymentPostprocessing = 1;
		};
/* End PBXCopyFilesBuildPhase section */

/* Begin PBXFileReference section */
		41A1D2971631A0A0000B493C /* Coolness */ = {isa = PBXFileReference; explicitFileType = "compiled.mach-o.executable"; includeInIndex = 0; path = Coolness; sourceTree = BUILT_PRODUCTS_DIR; };
		41A1D29B1631A0A0000B493C /* main.c */ = {isa = PBXFileReference; lastKnownFileType = sourcecode.c.c; path = main.c; sourceTree = "<group>"; };
		41A1D29D1631A0A0000B493C /* Coolness.1 */ = {isa = PBXFileReference; lastKnownFileType = text.man; path = Coolness.1; sourceTree = "<group>"; };
/* End PBXFileReference section */

/* Begin PBXFrameworksBuildPhase section */
		41A1D2941631A0A0000B493C /* Frameworks */ = {
			isa = PBXFrameworksBuildPhase;
			buildActionMask = 2147483647;
			files = (
			);
			runOnlyForDeploymentPostprocessing = 0;
		};
/* End PBXFrameworksBuildPhase section */

/* Begin PBXGroup section */
		41A1D28C1631A0A0000B493C = {
			isa = PBXGroup;
			children = (
				41A1D29A1631A0A0000B493C /* Coolness */,
				41A1D2981631A0A0000B493C /* Products */,
			);
			sourceTree = "<group>";
		};
		41A1D2981631A0A0000B493C /* Products */ = {
			isa = PBXGroup;
			children = (
				41A1D2971631A0A0000B493C /* Coolness */,
			);
			name = Products;
			sourceTree = "<group>";
		};
		41A1D29A1631A0A0000B493C /* Coolness */ = {
			isa = PBXGroup;
			children = (
				41A1D29B1631A0A0000B493C /* main.c */,
				41A1D29D1631A0A0000B493C /* Coolness.1 */,
			);
			path = Coolness;
			sourceTree = "<group>";
		};
/* End PBXGroup section */

/* Begin PBXNativeTarget section */
		41A1D2961631A0A0000B493C /* Coolness */ = {
			isa = PBXNativeTarget;
			buildConfigurationList = 41A1D2A11631A0A0000B493C /* Build configuration list for PBXNativeTarget "Coolness" */;
			buildPhases = (
				41A1D2931631A0A0000B493C /* Sources */,
				41A1D2941631A0A0000B493C /* Frameworks */,
				41A1D2951631A0A0000B493C /* CopyFiles */,
			);
			buildRules = (
			);
			dependencies = (
			);
			name = Coolness;
			productName = Coolness;
			productReference = 41A1D2971631A0A0000B493C /* Coolness */;
			productType = "com.apple.product-type.tool";
		};
/* End PBXNativeTarget section */

/* Begin PBXProject section */
		41A1D28E1631A0A0000B493C /* Project object */ = {
			isa = PBXProject;
			attributes = {
				LastUpgradeCheck = 0450;
				ORGANIZATIONNAME = "Long Vinh Nguyen";
			};
			buildConfigurationList = 41A1D2911631A0A0000B493C /* Build configuration list for PBXProject "Coolness" */;
			compatibilityVersion = "Xcode 3.2";
			developmentRegion = English;
			hasScannedForEncodings = 0;
			knownRegions = (
				en,
			);
			mainGroup = 41A1D28C1631A0A0000B493C;
			productRefGroup = 41A1D2981631A0A0000B493C /* Products */;
			projectDirPath = "";
			projectRoot = "";
			targets = (
				41A1D2961631A0A0000B493C /* Coolness */,
			);
		};
/* End PBXProject section */

/* Begin PBXSourcesBuildPhase section */
		41A1D2931631A0A0000B493C /* Sources */ = {
			isa = PBXSourcesBuildPhase;
			buildActionMask = 2147483647;
			files = (
				41A1D29C1631A0A0000B493C /* main.c in Sources */,
			);
			runOnlyForDeploymentPostprocessing = 0;
		};
/* End PBXSourcesBuildPhase section */

/* Begin XCBuildConfiguration section */
		41A1D29F1631A0A0000B493C /* Debug */ = {
			isa = XCBuildConfiguration;
			buildSettings = {
				ALWAYS_SEARCH_USER_PATHS = NO;
				ARCHS = "$(ARCHS_STANDARD_64_BIT)";
				CLANG_CXX_LANGUAGE_STANDARD = "gnu++0x";
				CLANG_CXX_LIBRARY = "libc++";
				CLANG_WARN_EMPTY_BODY = YES;
				CLANG_WARN__DUPLICATE_METHOD_MATCH = YES;
				COPY_PHASE_STRIP = NO;
				GCC_C_LANGUAGE_STANDARD = gnu99;
				GCC_DYNAMIC_NO_PIC = NO;
				GCC_ENABLE_OBJC_EXCEPTIONS = YES;
				GCC_OPTIMIZATION_LEVEL = 0;
				GCC_PREPROCESSOR_DEFINITIONS = (
					"DEBUG=1",
					"$(inherited)",
				);
				GCC_SYMBOLS_PRIVATE_EXTERN = NO;
				GCC_WARN_64_TO_32_BIT_CONVERSION = YES;
				GCC_WARN_ABOUT_RETURN_TYPE = YES;
				GCC_WARN_UNINITIALIZED_AUTOS = YES;
				GCC_WARN_UNUSED_VARIABLE = YES;
				MACOSX_DEPLOYMENT_TARGET = 10.8;
				ONLY_ACTIVE_ARCH = YES;
				SDKROOT = macosx;
			};
			name = Debug;
		};
		41A1D2A01631A0A0000B493C /* Release */ = {
			isa = XCBuildConfiguration;
			buildSettings = {
				ALWAYS_SEARCH_USER_PATHS = NO;
				ARCHS = "$(ARCHS_STANDARD_64_BIT)";
				CLANG_CXX_LANGUAGE_STANDARD = "gnu++0x";
				CLANG_CXX_LIBRARY = "libc++";
				CLANG_WARN_EMPTY_BODY = YES;
				CLANG_WARN__DUPLICATE_METHOD_MATCH = YES;
				COPY_PHASE_STRIP = YES;
				DEBUG_INFORMATION_FORMAT = "dwarf-with-dsym";
				GCC_C_LANGUAGE_STANDARD = gnu99;
				GCC_ENABLE_OBJC_EXCEPTIONS = YES;
				GCC_WARN_64_TO_32_BIT_CONVERSION = YES;
				GCC_WARN_ABOUT_RETURN_TYPE = YES;
				GCC_WARN_UNINITIALIZED_AUTOS = YES;
				GCC_WARN_UNUSED_VARIABLE = YES;
				MACOSX_DEPLOYMENT_TARGET = 10.8;
				SDKROOT = macosx;
			};
			name = Release;
		};
		41A1D2A21631A0A0000B493C /* Debug */ = {
			isa = XCBuildConfiguration;
			buildSettings = {
				PRODUCT_NAME = "$(TARGET_NAME)";
			};
			name = Debug;
		};
		41A1D2A31631A0A0000B493C /* Release */ = {
			isa = XCBuildConfiguration;
			buildSettings = {
				PRODUCT_NAME = "$(TARGET_NAME)";
			};
			name = Release;
		};
/* End XCBuildConfiguration section */

/* Begin XCConfigurationList section */
		41A1D2911631A0A0000B493C /* Build configuration list for PBXProject "Coolness" */ = {
			isa = XCConfigurationList;
			buildConfigurations = (
				41A1D29F1631A0A0000B493C /* Debug */,
				41A1D2A01631A0A0000B493C /* Release */,
			);
			defaultConfigurationIsVisible = 0;
			defaultConfigurationName = Release;
		};
		41A1D2A11631A0A0000B493C /* Build configuration list for PBXNativeTarget "Coolness" */ = {
			isa = XCConfigurationList;
			buildConfigurations = (
				41A1D2A21631A0A0000B493C /* Debug */,
				41A1D2A31631A0A0000B493C /* Release */,
			);
			defaultConfigurationIsVisible = 0;
		};
/* End XCConfigurationList section */
	};
	rootObject = 41A1D28E1631A0A0000B493C /* Project object */;
}
